{
  "originHash" : "f80180089bcd99b23363cc9e1bff2655c167cdd03e6e65a2cd92a0e6da0f6196",
  "pins" : [
    {
      "identity" : "mgnetworkingkit",
      "kind" : "remoteSourceControl",
      "location" : "https://github.com/michael-g-alfred/MGNetworkingKit.git",
      "state" : {
        "branch" : "main",
        "revision" : "2bd64db9d3f0b4a8b9d002b17f498c9f4d10250f"
      }
    },
    {
      "identity" : "mgonboardingkit",
      "kind" : "remoteSourceControl",
      "location" : "https://github.com/michael-g-alfred/MGOnboardingKit.git",
      "state" : {
        "branch" : "main",
        "revision" : "ecca19ad8b105ca604e95d119781fa02d81c9990"
      }
    }
  ],
  "version" : 3
}
